{
  "pins" : [
    {
      "identity" : "analyticseventgeneratorsample-sharedlibrary",
      "kind" : "remoteSourceControl",
      "location" : "https://github.com/zawadz88/AnalyticsEventGeneratorSample-SharedLibrary",
      "state" : {
        "revision" : "92a7864dbaaf9951543d80bc08ab20640178410d",
        "version" : "1.0.11"
      }
    }
  ],
  "version" : 2
}
